# This file is autogenerated, do not edit; changes may be undone by the next 'dep ensure'.


[[projects]]
  branch = "master"
  digest = "1:47ea4fbe2ab4aeb9808502c51e657041c2e49b36b83fc1c1a349135cdf16342f"
  name = "github.com/agl/ed25519"
  packages = [
    ".",
    "edwards25519",
  ]
  pruneopts = "UT"
  revision = "5312a61534124124185d41f09206b9fef1d88403"

[[projects]]
  digest = "1:ffe9824d294da03b391f44e1ae8281281b4afc1bdaa9588c9097785e3af10cec"
  name = "github.com/davecgh/go-spew"
  packages = ["spew"]
  pruneopts = "UT"
  revision = "8991bc29aa16c548c550c7ff78260e27b9ab7c73"
  version = "v1.1.1"

[[projects]]
  digest = "1:9234b5f0816fc0375452528081d5caaf5891f8a5548acf424d57ac40e8811e26"
  name = "github.com/gin-gonic/gin"
  packages = ["json"]
  pruneopts = "UT"
  revision = "b869fe1415e4b9eb52f247441830d502aece2d4d"
  version = "v1.3.0"

[[projects]]
  digest = "1:aacef5f5e45685f2aeda5534d0a750dee6859de7e9088cdd06192787bb01ae6d"
  name = "github.com/go-errors/errors"
  packages = ["."]
  pruneopts = "UT"
  revision = "a6af135bd4e28680facf08a3d206b454abc877a4"
  version = "v1.0.1"

[[projects]]
  digest = "1:3e551bbb3a7c0ab2a2bf4660e7fcad16db089fdcfbb44b0199e62838038623ea"
  name = "github.com/json-iterator/go"
  packages = ["."]
  pruneopts = "UT"
  revision = "1624edc4454b8682399def8740d46db5e4362ba4"
  version = "v1.1.5"

[[projects]]
  digest = "1:8ef506fc2bb9ced9b151dafa592d4046063d744c646c1bbe801982ce87e4bc24"
  name = "github.com/lib/pq"
  packages = [
    ".",
    "oid",
  ]
  pruneopts = "UT"
  revision = "4ded0e9383f75c197b3a2aaa6d590ac52df6fd79"
  version = "v1.0.0"

[[projects]]
  branch = "master"
  digest = "1:31bd492aa2822484bcec518e0b693e1aedfdf9637b43527c0ad29d5cf8abfd43"
  name = "github.com/manucorporat/sse"
  packages = ["."]
  pruneopts = "UT"
  revision = "ee05b128a739a0fb76c7ebd3ae4810c1de808d6d"

[[projects]]
  digest = "1:33422d238f147d247752996a26574ac48dcf472976eda7f5134015f06bf16563"
  name = "github.com/modern-go/concurrent"
  packages = ["."]
  pruneopts = "UT"
  revision = "bacd9c7ef1dd9b15be4a9909b8ac7a4e313eec94"
  version = "1.0.3"

[[projects]]
  digest = "1:e32bdbdb7c377a07a9a46378290059822efdce5c8d96fe71940d87cb4f918855"
  name = "github.com/modern-go/reflect2"
  packages = ["."]
  pruneopts = "UT"
  revision = "4b7aa43c6742a2c18fdef89dd197aaae7dac7ccd"
  version = "1.0.1"

[[projects]]
  digest = "1:40e195917a951a8bf867cd05de2a46aaf1806c50cf92eebf4c16f78cd196f747"
  name = "github.com/pkg/errors"
  packages = ["."]
  pruneopts = "UT"
  revision = "645ef00459ed84a119197bfb8d8205042c6df63d"
  version = "v0.8.0"

[[projects]]
  digest = "1:0028cb19b2e4c3112225cd871870f2d9cf49b9b4276531f03438a88e94be86fe"
  name = "github.com/pmezard/go-difflib"
  packages = ["difflib"]
  pruneopts = "UT"
  revision = "792786c7400a136282c1664665ae0a8db921c6c2"
  version = "v1.0.0"

[[projects]]
  digest = "1:54bd573538ca13ccf85d18c99249d934f17957f17263256b42565a11c854c1de"
  name = "github.com/segmentio/go-loggly"
  packages = ["."]
  pruneopts = "UT"
  revision = "3e0cec4266ddf583aecef51bb8e9badc3cca5314"
  version = "v0.5.0"

[[projects]]
  digest = "1:622a93cd4d5e98d0fc84d61f8a70968cecbbd781dc62f1917ac59f9f36308378"
  name = "github.com/sirupsen/logrus"
  packages = [
    ".",
    "hooks/test",
  ]
  pruneopts = "UT"
  revision = "68cec9f21fbf3ea8d8f98c044bc6ce05f17b267a"

[[projects]]
  branch = "master"
  digest = "1:abfbdfc9eeeafac74501521dc9c11b6e7a756ae1cbb2986416c3fb452cadcd37"
  name = "github.com/stellar/go"
  packages = [
    "amount",
    "build",
    "clients/horizon",
    "crc16",
    "hash",
    "keypair",
    "network",
    "price",
    "protocols/horizon",
    "protocols/horizon/base",
    "strkey",
    "support/errors",
    "support/http/mutil",
    "support/log",
    "support/render/hal",
    "support/render/problem",
    "support/url",
    "xdr",
  ]
  pruneopts = "UT"
  revision = "1adee07661f2cdb26dffe569937263cbaa96b9f7"

[[projects]]
  branch = "master"
  digest = "1:6c08cb31e67fed09170edb8c194705b3ffe9e76b90b51c25b6673244ca8bbe89"
  name = "github.com/stellar/go-xdr"
  packages = ["xdr3"]
  pruneopts = "UT"
  revision = "0bc96f33a18ef2f963e75431dbed042129eb421b"

[[projects]]
  digest = "1:ac83cf90d08b63ad5f7e020ef480d319ae890c208f8524622a2f3136e2686b02"
  name = "github.com/stretchr/objx"
  packages = ["."]
  pruneopts = "UT"
  revision = "477a77ecc69700c7cdeb1fa9e129548e1c1c393c"
  version = "v0.1.1"

[[projects]]
  digest = "1:15a4a7e5afac3cea801fa24831fce3bf3b5bd3620cbf8355a07b7dbf06877883"
  name = "github.com/stretchr/testify"
  packages = [
    "assert",
    "mock",
  ]
  pruneopts = "UT"
  revision = "f35b8ab0b5a2cef36673838d662e249dd9c94686"
  version = "v1.2.2"

[[projects]]
  branch = "master"
  digest = "1:48a949ee15f5f03524b792547822221b07f828dd26522b5e08688f25a10d14c1"
  name = "golang.org/x/sys"
  packages = ["unix"]
  pruneopts = "UT"
  revision = "4d1cda033e0619309c606fc686de3adcf599539e"

[solve-meta]
  analyzer-name = "dep"
  analyzer-version = 1
  input-imports = [
    "github.com/gin-gonic/gin/json",
    "github.com/stellar/go/build",
    "github.com/stellar/go/clients/horizon",
    "github.com/stellar/go/keypair",
  ]
  solver-name = "gps-cdcl"
  solver-version = 1
